
Microsoft Visual Studio Solution File, Format Version 12.00
# Visual Studio 15
Project("{FAE04EC0-301F-11D3-BF4B-00C04F79EFBC}") = "server", "server\server.csproj", "{A66F164A-9F7F-4465-8C3C-683F3E9AEC55}"
EndProject
Project("{FAE04EC0-301F-11D3-BF4B-00C04F79EFBC}") = "logger", "logger\logger.csproj", "{4B6C84E2-BBFE-4983-BAA7-9BBACE140397}"
EndProject
Project("{FAE04EC0-301F-11D3-BF4B-00C04F79EFBC}") = "client-generator", "client-generator\client-generator.csproj", "{B628F3AE-7A95-49AD-81C6-0547C44AC75F}"
EndProject
Project("{FAE04EC0-301F-11D3-BF4B-00C04F79EFBC}") = "client-generator-tests", "client-generator-tests\client-generator-tests.csproj", "{3542E4FD-9618-4957-B31A-6314BEE2B6AE}"
EndProject
Global
	GlobalSection(SolutionConfigurationPlatforms) = preSolution
		Debug|Any CPU = Debug|Any CPU
		Release|Any CPU = Release|Any CPU
	EndGlobalSection
	GlobalSection(ProjectConfigurationPlatforms) = postSolution
		{A66F164A-9F7F-4465-8C3C-683F3E9AEC55}.Debug|Any CPU.ActiveCfg = Debug|Any CPU
		{A66F164A-9F7F-4465-8C3C-683F3E9AEC55}.Debug|Any CPU.Build.0 = Debug|Any CPU
		{A66F164A-9F7F-4465-8C3C-683F3E9AEC55}.Release|Any CPU.ActiveCfg = Release|Any CPU
		{A66F164A-9F7F-4465-8C3C-683F3E9AEC55}.Release|Any CPU.Build.0 = Release|Any CPU
		{4B6C84E2-BBFE-4983-BAA7-9BBACE140397}.Debug|Any CPU.ActiveCfg = Debug|Any CPU
		{4B6C84E2-BBFE-4983-BAA7-9BBACE140397}.Debug|Any CPU.Build.0 = Debug|Any CPU
		{4B6C84E2-BBFE-4983-BAA7-9BBACE140397}.Release|Any CPU.ActiveCfg = Release|Any CPU
		{4B6C84E2-BBFE-4983-BAA7-9BBACE140397}.Release|Any CPU.Build.0 = Release|Any CPU
		{B628F3AE-7A95-49AD-81C6-0547C44AC75F}.Debug|Any CPU.ActiveCfg = Debug|Any CPU
		{B628F3AE-7A95-49AD-81C6-0547C44AC75F}.Debug|Any CPU.Build.0 = Debug|Any CPU
		{B628F3AE-7A95-49AD-81C6-0547C44AC75F}.Release|Any CPU.ActiveCfg = Release|Any CPU
		{B628F3AE-7A95-49AD-81C6-0547C44AC75F}.Release|Any CPU.Build.0 = Release|Any CPU
		{3542E4FD-9618-4957-B31A-6314BEE2B6AE}.Debug|Any CPU.ActiveCfg = Debug|Any CPU
		{3542E4FD-9618-4957-B31A-6314BEE2B6AE}.Debug|Any CPU.Build.0 = Debug|Any CPU
		{3542E4FD-9618-4957-B31A-6314BEE2B6AE}.Release|Any CPU.ActiveCfg = Release|Any CPU
		{3542E4FD-9618-4957-B31A-6314BEE2B6AE}.Release|Any CPU.Build.0 = Release|Any CPU
	EndGlobalSection
EndGlobal
